// !$*UTF8*$!
{
	archiveVersion = 1;
	classes = {
	};
	objectVersion = 50;
	objects = {

/* Begin PBXBuildFile section */
		1E53F86A26A342B300575992 /* AppDelegate.swift in Sources */ = {isa = PBXBuildFile; fileRef = 1E53F86926A342B300575992 /* AppDelegate.swift */; };
		1E53F86C26A342B300575992 /* SceneDelegate.swift in Sources */ = {isa = PBXBuildFile; fileRef = 1E53F86B26A342B300575992 /* SceneDelegate.swift */; };
		1E53F87126A342B300575992 /* Main.storyboard in Resources */ = {isa = PBXBuildFile; fileRef = 1E53F86F26A342B300575992 /* Main.storyboard */; };
		1E53F87426A342B300575992 /* delegation.xcdatamodeld in Sources */ = {isa = PBXBuildFile; fileRef = 1E53F87226A342B300575992 /* delegation.xcdatamodeld */; };
		1E53F87626A342B400575992 /* Assets.xcassets in Resources */ = {isa = PBXBuildFile; fileRef = 1E53F87526A342B400575992 /* Assets.xcassets */; };
		1E53F87926A342B400575992 /* LaunchScreen.storyboard in Resources */ = {isa = PBXBuildFile; fileRef = 1E53F87726A342B400575992 /* LaunchScreen.storyboard */; };
		1E94EF1026A990A60095DF6F /* Movies.swift in Sources */ = {isa = PBXBuildFile; fileRef = 1E94EF0F26A990A60095DF6F /* Movies.swift */; };
		1E94EF1226A991620095DF6F /* MoviesTableViewController.swift in Sources */ = {isa = PBXBuildFile; fileRef = 1E94EF1126A991620095DF6F /* MoviesTableViewController.swift */; };
		1E94EF1626A991C10095DF6F /* NetworkModel.swift in Sources */ = {isa = PBXBuildFile; fileRef = 1E94EF1526A991C10095DF6F /* NetworkModel.swift */; };
		1E94EF1826A9924B0095DF6F /* DatabaseModel.swift in Sources */ = {isa = PBXBuildFile; fileRef = 1E94EF1726A9924B0095DF6F /* DatabaseModel.swift */; };
/* End PBXBuildFile section */

/* Begin PBXFileReference section */
		1E53F86626A342B300575992 /* delegation.app */ = {isa = PBXFileReference; explicitFileType = wrapper.application; includeInIndex = 0; path = delegation.app; sourceTree = BUILT_PRODUCTS_DIR; };
		1E53F86926A342B300575992 /* AppDelegate.swift */ = {isa = PBXFileReference; lastKnownFileType = sourcecode.swift; path = AppDelegate.swift; sourceTree = "<group>"; };
		1E53F86B26A342B300575992 /* SceneDelegate.swift */ = {isa = PBXFileReference; lastKnownFileType = sourcecode.swift; path = SceneDelegate.swift; sourceTree = "<group>"; };
		1E53F87026A342B300575992 /* Base */ = {isa = PBXFileReference; lastKnownFileType = file.storyboard; name = Base; path = Base.lproj/Main.storyboard; sourceTree = "<group>"; };
		1E53F87326A342B300575992 /* delegation.xcdatamodel */ = {isa = PBXFileReference; lastKnownFileType = wrapper.xcdatamodel; path = delegation.xcdatamodel; sourceTree = "<group>"; };
		1E53F87526A342B400575992 /* Assets.xcassets */ = {isa = PBXFileReference; lastKnownFileType = folder.assetcatalog; path = Assets.xcassets; sourceTree = "<group>"; };
		1E53F87826A342B400575992 /* Base */ = {isa = PBXFileReference; lastKnownFileType = file.storyboard; name = Base; path = Base.lproj/LaunchScreen.storyboard; sourceTree = "<group>"; };
		1E53F87A26A342B400575992 /* Info.plist */ = {isa = PBXFileReference; lastKnownFileType = text.plist.xml; path = Info.plist; sourceTree = "<group>"; };
		1E94EF0F26A990A60095DF6F /* Movies.swift */ = {isa = PBXFileReference; lastKnownFileType = sourcecode.swift; path = Movies.swift; sourceTree = "<group>"; };
		1E94EF1126A991620095DF6F /* MoviesTableViewController.swift */ = {isa = PBXFileReference; lastKnownFileType = sourcecode.swift; path = MoviesTableViewController.swift; sourceTree = "<group>"; };
		1E94EF1526A991C10095DF6F /* NetworkModel.swift */ = {isa = PBXFileReference; lastKnownFileType = sourcecode.swift; path = NetworkModel.swift; sourceTree = "<group>"; };
		1E94EF1726A9924B0095DF6F /* DatabaseModel.swift */ = {isa = PBXFileReference; lastKnownFileType = sourcecode.swift; path = DatabaseModel.swift; sourceTree = "<group>"; };
/* End PBXFileReference section */

/* Begin PBXFrameworksBuildPhase section */
		1E53F86326A342B200575992 /* Frameworks */ = {
			isa = PBXFrameworksBuildPhase;
			buildActionMask = 2147483647;
			files = (
			);
			runOnlyForDeploymentPostprocessing = 0;
		};
/* End PBXFrameworksBuildPhase section */

/* Begin PBXGroup section */
		1E53F85D26A342B200575992 = {
			isa = PBXGroup;
			children = (
				1E53F86826A342B300575992 /* delegation */,
				1E53F86726A342B300575992 /* Products */,
			);
			sourceTree = "<group>";
		};
		1E53F86726A342B300575992 /* Products */ = {
			isa = PBXGroup;
			children = (
				1E53F86626A342B300575992 /* delegation.app */,
			);
			name = Products;
			sourceTree = "<group>";
		};
		1E53F86826A342B300575992 /* delegation */ = {
			isa = PBXGroup;
			children = (
				1E94EF0E26A9908F0095DF6F /* POGOs */,
				1E94EF0D26A9904B0095DF6F /* Controllers */,
				1E94EF0C26A9903C0095DF6F /* Views */,
				1E94EF0B26A990280095DF6F /* Models */,
				1E53F86926A342B300575992 /* AppDelegate.swift */,
				1E53F86B26A342B300575992 /* SceneDelegate.swift */,
				1E53F87526A342B400575992 /* Assets.xcassets */,
				1E53F87726A342B400575992 /* LaunchScreen.storyboard */,
				1E53F87A26A342B400575992 /* Info.plist */,
				1E53F87226A342B300575992 /* delegation.xcdatamodeld */,
			);
			path = delegation;
			sourceTree = "<group>";
		};
		1E94EF0B26A990280095DF6F /* Models */ = {
			isa = PBXGroup;
			children = (
				1E94EF1426A991A20095DF6F /* DatabaseModel */,
				1E94EF1326A9918A0095DF6F /* NetworkModel */,
			);
			path = Models;
			sourceTree = "<group>";
		};
		1E94EF0C26A9903C0095DF6F /* Views */ = {
			isa = PBXGroup;
			children = (
				1E53F86F26A342B300575992 /* Main.storyboard */,
			);
			path = Views;
			sourceTree = "<group>";
		};
		1E94EF0D26A9904B0095DF6F /* Controllers */ = {
			isa = PBXGroup;
			children = (
				1E94EF1126A991620095DF6F /* MoviesTableViewController.swift */,
			);
			path = Controllers;
			sourceTree = "<group>";
		};
		1E94EF0E26A9908F0095DF6F /* POGOs */ = {
			isa = PBXGroup;
			children = (
				1E94EF0F26A990A60095DF6F /* Movies.swift */,
			);
			path = POGOs;
			sourceTree = "<group>";
		};
		1E94EF1326A9918A0095DF6F /* NetworkModel */ = {
			isa = PBXGroup;
			children = (
				1E94EF1526A991C10095DF6F /* NetworkModel.swift */,
			);
			path = NetworkModel;
			sourceTree = "<group>";
		};
		1E94EF1426A991A20095DF6F /* DatabaseModel */ = {
			isa = PBXGroup;
			children = (
				1E94EF1726A9924B0095DF6F /* DatabaseModel.swift */,
			);
			path = DatabaseModel;
			sourceTree = "<group>";
		};
/* End PBXGroup section */

/* Begin PBXNativeTarget section */
		1E53F86526A342B200575992 /* delegation */ = {
			isa = PBXNativeTarget;
			buildConfigurationList = 1E53F87D26A342B400575992 /* Build configuration list for PBXNativeTarget "delegation" */;
			buildPhases = (
				1E53F86226A342B200575992 /* Sources */,
				1E53F86326A342B200575992 /* Frameworks */,
				1E53F86426A342B200575992 /* Resources */,
			);
			buildRules = (
			);
			dependencies = (
			);
			name = delegation;
			productName = delegation;
			productReference = 1E53F86626A342B300575992 /* delegation.app */;
			productType = "com.apple.product-type.application";
		};
/* End PBXNativeTarget section */

/* Begin PBXProject section */
		1E53F85E26A342B200575992 /* Project object */ = {
			isa = PBXProject;
			attributes = {
				LastSwiftUpdateCheck = 1110;
				LastUpgradeCheck = 1110;
				ORGANIZATIONNAME = mahmoud;
				TargetAttributes = {
					1E53F86526A342B200575992 = {
						CreatedOnToolsVersion = 11.1;
					};
				};
			};
			buildConfigurationList = 1E53F86126A342B200575992 /* Build configuration list for PBXProject "delegation" */;
			compatibilityVersion = "Xcode 9.3";
			developmentRegion = en;
			hasScannedForEncodings = 0;
			knownRegions = (
				en,
				Base,
			);
			mainGroup = 1E53F85D26A342B200575992;
			productRefGroup = 1E53F86726A342B300575992 /* Products */;
			projectDirPath = "";
			projectRoot = "";
			targets = (
				1E53F86526A342B200575992 /* delegation */,
			);
		};
/* End PBXProject section */

/* Begin PBXResourcesBuildPhase section */
		1E53F86426A342B200575992 /* Resources */ = {
			isa = PBXResourcesBuildPhase;
			buildActionMask = 2147483647;
			files = (
				1E53F87926A342B400575992 /* LaunchScreen.storyboard in Resources */,
				1E53F87626A342B400575992 /* Assets.xcassets in Resources */,
				1E53F87126A342B300575992 /* Main.storyboard in Resources */,
			);
			runOnlyForDeploymentPostprocessing = 0;
		};
/* End PBXResourcesBuildPhase section */

/* Begin PBXSourcesBuildPhase section */
		1E53F86226A342B200575992 /* Sources */ = {
			isa = PBXSourcesBuildPhase;
			buildActionMask = 2147483647;
			files = (
				1E94EF1626A991C10095DF6F /* NetworkModel.swift in Sources */,
				1E53F86A26A342B300575992 /* AppDelegate.swift in Sources */,
				1E53F86C26A342B300575992 /* SceneDelegate.swift in Sources */,
				1E94EF1026A990A60095DF6F /* Movies.swift in Sources */,
				1E94EF1226A991620095DF6F /* MoviesTableViewController.swift in Sources */,
				1E94EF1826A9924B0095DF6F /* DatabaseModel.swift in Sources */,
				1E53F87426A342B300575992 /* delegation.xcdatamodeld in Sources */,
			);
			runOnlyForDeploymentPostprocessing = 0;
		};
/* End PBXSourcesBuildPhase section */

/* Begin PBXVariantGroup section */
		1E53F86F26A342B300575992 /* Main.storyboard */ = {
			isa = PBXVariantGroup;
			children = (
				1E53F87026A342B300575992 /* Base */,
			);
			name = Main.storyboard;
			sourceTree = "<group>";
		};
		1E53F87726A342B400575992 /* LaunchScreen.storyboard */ = {
			isa = PBXVariantGroup;
			children = (
				1E53F87826A342B400575992 /* Base */,
			);
			name = LaunchScreen.storyboard;
			sourceTree = "<group>";
		};
/* End PBXVariantGroup section */

/* Begin XCBuildConfiguration section */
		1E53F87B26A342B400575992 /* Debug */ = {
			isa = XCBuildConfiguration;
			buildSettings = {
				ALWAYS_SEARCH_USER_PATHS = NO;
				CLANG_ANALYZER_NONNULL = YES;
				CLANG_ANALYZER_NUMBER_OBJECT_CONVERSION = YES_AGGRESSIVE;
				CLANG_CXX_LANGUAGE_STANDARD = "gnu++14";
				CLANG_CXX_LIBRARY = "libc++";
				CLANG_ENABLE_MODULES = YES;
				CLANG_ENABLE_OBJC_ARC = YES;
				CLANG_ENABLE_OBJC_WEAK = YES;
				CLANG_WARN_BLOCK_CAPTURE_AUTORELEASING = YES;
				CLANG_WARN_BOOL_CONVERSION = YES;
				CLANG_WARN_COMMA = YES;
				CLANG_WARN_CONSTANT_CONVERSION = YES;
				CLANG_WARN_DEPRECATED_OBJC_IMPLEMENTATIONS = YES;
				CLANG_WARN_DIRECT_OBJC_ISA_USAGE = YES_ERROR;
				CLANG_WARN_DOCUMENTATION_COMMENTS = YES;
				CLANG_WARN_EMPTY_BODY = YES;
				CLANG_WARN_ENUM_CONVERSION = YES;
				CLANG_WARN_INFINITE_RECURSION = YES;
				CLANG_WARN_INT_CONVERSION = YES;
				CLANG_WARN_NON_LITERAL_NULL_CONVERSION = YES;
				CLANG_WARN_OBJC_IMPLICIT_RETAIN_SELF = YES;
				CLANG_WARN_OBJC_LITERAL_CONVERSION = YES;
				CLANG_WARN_OBJC_ROOT_CLASS = YES_ERROR;
				CLANG_WARN_RANGE_LOOP_ANALYSIS = YES;
				CLANG_WARN_STRICT_PROTOTYPES = YES;
				CLANG_WARN_SUSPICIOUS_MOVE = YES;
				CLANG_WARN_UNGUARDED_AVAILABILITY = YES_AGGRESSIVE;
				CLANG_WARN_UNREACHABLE_CODE = YES;
				CLANG_WARN__DUPLICATE_METHOD_MATCH = YES;
				COPY_PHASE_STRIP = NO;
				DEBUG_INFORMATION_FORMAT = dwarf;
				ENABLE_STRICT_OBJC_MSGSEND = YES;
				ENABLE_TESTABILITY = YES;
				GCC_C_LANGUAGE_STANDARD = gnu11;
				GCC_DYNAMIC_NO_PIC = NO;
				GCC_NO_COMMON_BLOCKS = YES;
				GCC_OPTIMIZATION_LEVEL = 0;
				GCC_PREPROCESSOR_DEFINITIONS = (
					"DEBUG=1",
					"$(inherited)",
				);
				GCC_WARN_64_TO_32_BIT_CONVERSION = YES;
				GCC_WARN_ABOUT_RETURN_TYPE = YES_ERROR;
				GCC_WARN_UNDECLARED_SELECTOR = YES;
				GCC_WARN_UNINITIALIZED_AUTOS = YES_AGGRESSIVE;
				GCC_WARN_UNUSED_FUNCTION = YES;
				GCC_WARN_UNUSED_VARIABLE = YES;
				IPHONEOS_DEPLOYMENT_TARGET = 13.1;
				MTL_ENABLE_DEBUG_INFO = INCLUDE_SOURCE;
				MTL_FAST_MATH = YES;
				ONLY_ACTIVE_ARCH = YES;
				SDKROOT = iphoneos;
				SWIFT_ACTIVE_COMPILATION_CONDITIONS = DEBUG;
				SWIFT_OPTIMIZATION_LEVEL = "-Onone";
			};
			name = Debug;
		};
		1E53F87C26A342B400575992 /* Release */ = {
			isa = XCBuildConfiguration;
			buildSettings = {
				ALWAYS_SEARCH_USER_PATHS = NO;
				CLANG_ANALYZER_NONNULL = YES;
				CLANG_ANALYZER_NUMBER_OBJECT_CONVERSION = YES_AGGRESSIVE;
				CLANG_CXX_LANGUAGE_STANDARD = "gnu++14";
				CLANG_CXX_LIBRARY = "libc++";
				CLANG_ENABLE_MODULES = YES;
				CLANG_ENABLE_OBJC_ARC = YES;
				CLANG_ENABLE_OBJC_WEAK = YES;
				CLANG_WARN_BLOCK_CAPTURE_AUTORELEASING = YES;
				CLANG_WARN_BOOL_CONVERSION = YES;
				CLANG_WARN_COMMA = YES;
				CLANG_WARN_CONSTANT_CONVERSION = YES;
				CLANG_WARN_DEPRECATED_OBJC_IMPLEMENTATIONS = YES;
				CLANG_WARN_DIRECT_OBJC_ISA_USAGE = YES_ERROR;
				CLANG_WARN_DOCUMENTATION_COMMENTS = YES;
				CLANG_WARN_EMPTY_BODY = YES;
				CLANG_WARN_ENUM_CONVERSION = YES;
				CLANG_WARN_INFINITE_RECURSION = YES;
				CLANG_WARN_INT_CONVERSION = YES;
				CLANG_WARN_NON_LITERAL_NULL_CONVERSION = YES;
				CLANG_WARN_OBJC_IMPLICIT_RETAIN_SELF = YES;
				CLANG_WARN_OBJC_LITERAL_CONVERSION = YES;
				CLANG_WARN_OBJC_ROOT_CLASS = YES_ERROR;
				CLANG_WARN_RANGE_LOOP_ANALYSIS = YES;
				CLANG_WARN_STRICT_PROTOTYPES = YES;
				CLANG_WARN_SUSPICIOUS_MOVE = YES;
				CLANG_WARN_UNGUARDED_AVAILABILITY = YES_AGGRESSIVE;
				CLANG_WARN_UNREACHABLE_CODE = YES;
				CLANG_WARN__DUPLICATE_METHOD_MATCH = YES;
				COPY_PHASE_STRIP = NO;
				DEBUG_INFORMATION_FORMAT = "dwarf-with-dsym";
				ENABLE_NS_ASSERTIONS = NO;
				ENABLE_STRICT_OBJC_MSGSEND = YES;
				GCC_C_LANGUAGE_STANDARD = gnu11;
				GCC_NO_COMMON_BLOCKS = YES;
				GCC_WARN_64_TO_32_BIT_CONVERSION = YES;
				GCC_WARN_ABOUT_RETURN_TYPE = YES_ERROR;
				GCC_WARN_UNDECLARED_SELECTOR = YES;
				GCC_WARN_UNINITIALIZED_AUTOS = YES_AGGRESSIVE;
				GCC_WARN_UNUSED_FUNCTION = YES;
				GCC_WARN_UNUSED_VARIABLE = YES;
				IPHONEOS_DEPLOYMENT_TARGET = 13.1;
				MTL_ENABLE_DEBUG_INFO = NO;
				MTL_FAST_MATH = YES;
				SDKROOT = iphoneos;
				SWIFT_COMPILATION_MODE = wholemodule;
				SWIFT_OPTIMIZATION_LEVEL = "-O";
				VALIDATE_PRODUCT = YES;
			};
			name = Release;
		};
		1E53F87E26A342B400575992 /* Debug */ = {
			isa = XCBuildConfiguration;
			buildSettings = {
				ASSETCATALOG_COMPILER_APPICON_NAME = AppIcon;
				CODE_SIGN_STYLE = Automatic;
				INFOPLIST_FILE = delegation/Info.plist;
				LD_RUNPATH_SEARCH_PATHS = (
					"$(inherited)",
					"@executable_path/Frameworks",
				);
				PRODUCT_BUNDLE_IDENTIFIER = co.mahmoud.delegation;
				PRODUCT_NAME = "$(TARGET_NAME)";
				SWIFT_VERSION = 5.0;
				TARGETED_DEVICE_FAMILY = "1,2";
			};
			name = Debug;
		};
		1E53F87F26A342B400575992 /* Release */ = {
			isa = XCBuildConfiguration;
			buildSettings = {
				ASSETCATALOG_COMPILER_APPICON_NAME = AppIcon;
				CODE_SIGN_STYLE = Automatic;
				INFOPLIST_FILE = delegation/Info.plist;
				LD_RUNPATH_SEARCH_PATHS = (
					"$(inherited)",
					"@executable_path/Frameworks",
				);
				PRODUCT_BUNDLE_IDENTIFIER = co.mahmoud.delegation;
				PRODUCT_NAME = "$(TARGET_NAME)";
				SWIFT_VERSION = 5.0;
				TARGETED_DEVICE_FAMILY = "1,2";
			};
			name = Release;
		};
/* End XCBuildConfiguration section */

/* Begin XCConfigurationList section */
		1E53F86126A342B200575992 /* Build configuration list for PBXProject "delegation" */ = {
			isa = XCConfigurationList;
			buildConfigurations = (
				1E53F87B26A342B400575992 /* Debug */,
				1E53F87C26A342B400575992 /* Release */,
			);
			defaultConfigurationIsVisible = 0;
			defaultConfigurationName = Release;
		};
		1E53F87D26A342B400575992 /* Build configuration list for PBXNativeTarget "delegation" */ = {
			isa = XCConfigurationList;
			buildConfigurations = (
				1E53F87E26A342B400575992 /* Debug */,
				1E53F87F26A342B400575992 /* Release */,
			);
			defaultConfigurationIsVisible = 0;
			defaultConfigurationName = Release;
		};
/* End XCConfigurationList section */

/* Begin XCVersionGroup section */
		1E53F87226A342B300575992 /* delegation.xcdatamodeld */ = {
			isa = XCVersionGroup;
			children = (
				1E53F87326A342B300575992 /* delegation.xcdatamodel */,
			);
			currentVersion = 1E53F87326A342B300575992 /* delegation.xcdatamodel */;
			path = delegation.xcdatamodeld;
			sourceTree = "<group>";
			versionGroupType = wrapper.xcdatamodel;
		};
/* End XCVersionGroup section */
	};
	rootObject = 1E53F85E26A342B200575992 /* Project object */;
}
